
Microsoft Visual Studio Solution File, Format Version 12.00
# Visual Studio Version 17
VisualStudioVersion = 17.14.36518.9
MinimumVisualStudioVersion = 10.0.40219.1
Project("{2150E333-8FDC-42A3-9474-1A3956D46DE8}") = "Task0", "Task0", "{02EA681E-C7D8-13C7-8484-4AC65E1B71E8}"
EndProject
Project("{FAE04EC0-301F-11D3-BF4B-00C04F79EFBC}") = "Tyuiu.BaturinaSA.Sprint5.Task0.V14", "Tyuiu.BaturinaSA.Sprint5.Task0.V14\Tyuiu.BaturinaSA.Sprint5.Task0.V14.csproj", "{F0C2371B-D97F-42E6-BEA9-9A468D2E7718}"
EndProject
Project("{FAE04EC0-301F-11D3-BF4B-00C04F79EFBC}") = "Tyuiu.BaturinaSA.Sprint5.Task0.V14.Lib", "Tyuiu.BaturinaSA.Sprint5.Task0.V14.Lib\Tyuiu.BaturinaSA.Sprint5.Task0.V14.Lib.csproj", "{4471EFB8-B49A-429F-B128-A86E26F7B0C8}"
EndProject
Project("{FAE04EC0-301F-11D3-BF4B-00C04F79EFBC}") = "Tyuiu.BaturinaSA.Sprint5.Task0.V14.Test", "Tyuiu.BaturinaSA.Sprint5.Task0.V14.Test\Tyuiu.BaturinaSA.Sprint5.Task0.V14.Test.csproj", "{9247C761-B9FB-4A0F-89EF-149F9EE835B4}"
EndProject
Project("{2150E333-8FDC-42A3-9474-1A3956D46DE8}") = "Task1", "Task1", "{73723100-BFBA-4F41-878C-C2B14FD6FAF0}"
EndProject
Project("{FAE04EC0-301F-11D3-BF4B-00C04F79EFBC}") = "Tyuiu.BaturinaSA.Sprint5.Task1.V1", "Tyuiu.BaturinaSA.Sprint5.Task1.V1\Tyuiu.BaturinaSA.Sprint5.Task1.V1.csproj", "{75CC775D-5944-4F75-A379-3FFF4E8D8FE5}"
EndProject
Project("{FAE04EC0-301F-11D3-BF4B-00C04F79EFBC}") = "Tyuiu.BaturinaSA.Sprint5.Task1.V1.Lib", "Tyuiu.BaturinaSA.Sprint5.Task1.V1.Lib\Tyuiu.BaturinaSA.Sprint5.Task1.V1.Lib.csproj", "{C63CAD36-6A1C-4227-A8B0-008E598DD79A}"
EndProject
Project("{FAE04EC0-301F-11D3-BF4B-00C04F79EFBC}") = "Tyuiu.BaturinaSA.Sprint5.Task1.V1.Test", "Tyuiu.BaturinaSA.Sprint5.Task1.V1.Test\Tyuiu.BaturinaSA.Sprint5.Task1.V1.Test.csproj", "{42B0BA4C-C539-4809-B619-3B825F626B9C}"
EndProject
Project("{2150E333-8FDC-42A3-9474-1A3956D46DE8}") = "Task2", "Task2", "{2641EFA3-53C8-425F-A823-A0653D82FC85}"
EndProject
Project("{FAE04EC0-301F-11D3-BF4B-00C04F79EFBC}") = "Tyuiu.BaturinaSA.Sprint5.Task2.V11", "Tyuiu.BaturinaSA.Sprint5.Task2.V11\Tyuiu.BaturinaSA.Sprint5.Task2.V11.csproj", "{43210071-D012-48B5-8222-38429BF0875B}"
EndProject
Project("{FAE04EC0-301F-11D3-BF4B-00C04F79EFBC}") = "Tyuiu.BaturinaSA.Sprint5.Task2.V11.Lib", "Tyuiu.BaturinaSA.Sprint5.Task2.V11.Lib\Tyuiu.BaturinaSA.Sprint5.Task2.V11.Lib.csproj", "{C2FC262F-8128-4900-974A-BE6A6D45F8BD}"
EndProject
Project("{FAE04EC0-301F-11D3-BF4B-00C04F79EFBC}") = "Tyuiu.BaturinaSA.Sprint5.Task2.V11.Test", "Tyuiu.BaturinaSA.Sprint5.Task2.V11.Test\Tyuiu.BaturinaSA.Sprint5.Task2.V11.Test.csproj", "{06FCB0BC-5D7C-4068-A580-65B3C15FF53B}"
EndProject
Project("{2150E333-8FDC-42A3-9474-1A3956D46DE8}") = "Task3", "Task3", "{23F14B90-1943-4091-8B8E-5FA5D63F1C64}"
EndProject
Project("{FAE04EC0-301F-11D3-BF4B-00C04F79EFBC}") = "Tyuiu.BaturinaSA.Sprint5.Task3.V24", "Tyuiu.BaturinaSA.Sprint5.Task3.V24\Tyuiu.BaturinaSA.Sprint5.Task3.V24.csproj", "{FF3FB129-1B62-412B-8187-B05D18698DC4}"
EndProject
Project("{FAE04EC0-301F-11D3-BF4B-00C04F79EFBC}") = "Tyuiu.BaturinaSA.Sprint5.Task3.V24.Lib", "Tyuiu.BaturinaSA.Sprint5.Task3.V24.Lib\Tyuiu.BaturinaSA.Sprint5.Task3.V24.Lib.csproj", "{C45BD40D-6937-496B-B12E-3F7606C325ED}"
EndProject
Project("{FAE04EC0-301F-11D3-BF4B-00C04F79EFBC}") = "Tyuiu.BaturinaSA.Sprint5.Task3.V24.Test", "Tyuiu.BaturinaSA.Sprint5.Task3.V24.Test\Tyuiu.BaturinaSA.Sprint5.Task3.V24.Test.csproj", "{2BF78F8C-4217-4178-A934-C4979B87A22C}"
EndProject
Project("{2150E333-8FDC-42A3-9474-1A3956D46DE8}") = "Task4", "Task4", "{B2179533-FE96-41A4-8607-89AB081EE25B}"
EndProject
Project("{FAE04EC0-301F-11D3-BF4B-00C04F79EFBC}") = "Tyuiu.BaturinaSA.Sprint5.Task4.V15", "Tyuiu.BaturinaSA.Sprint5.Task4.V15\Tyuiu.BaturinaSA.Sprint5.Task4.V15.csproj", "{7F053492-FC8A-4987-9805-EF84ABA37156}"
EndProject
Project("{FAE04EC0-301F-11D3-BF4B-00C04F79EFBC}") = "Tyuiu.BaturinaSA.Sprint5.Task4.V15.Lib", "Tyuiu.BaturinaSA.Sprint5.Task4.V15.Lib\Tyuiu.BaturinaSA.Sprint5.Task4.V15.Lib.csproj", "{623B6775-FEC6-47B8-9B4A-19838A000C59}"
EndProject
Project("{FAE04EC0-301F-11D3-BF4B-00C04F79EFBC}") = "Tyuiu.BaturinaSA.Sprint5.Task4.V15.Test", "Tyuiu.BaturinaSA.Sprint5.Task4.V15.Test\Tyuiu.BaturinaSA.Sprint5.Task4.V15.Test.csproj", "{A5615777-7EFF-4D7A-A61C-8DCF8AFA8D74}"
EndProject
Project("{2150E333-8FDC-42A3-9474-1A3956D46DE8}") = "Task5", "Task5", "{FEA46390-89E1-4AD8-A43C-E261C8678E16}"
EndProject
Project("{FAE04EC0-301F-11D3-BF4B-00C04F79EFBC}") = "Tyuiu.BaturinaSA.Sprint5.Task5.V10", "Tyuiu.BaturinaSA.Sprint5.Task5.V10\Tyuiu.BaturinaSA.Sprint5.Task5.V10.csproj", "{489EB9BB-65D5-4E4D-A177-084E0DB7BA4C}"
EndProject
Project("{FAE04EC0-301F-11D3-BF4B-00C04F79EFBC}") = "Tyuiu.BaturinaSA.Sprint5.Task5.V10.Lib", "Tyuiu.BaturinaSA.Sprint5.Task5.V10.Lib\Tyuiu.BaturinaSA.Sprint5.Task5.V10.Lib.csproj", "{BFDE7C7E-7BA0-4376-A0FF-3E3210AF0E71}"
EndProject
Project("{FAE04EC0-301F-11D3-BF4B-00C04F79EFBC}") = "Tyuiu.BaturinaSA.Sprint5.Task5.V10.Test", "Tyuiu.BaturinaSA.Sprint5.Task5.V10.Test\Tyuiu.BaturinaSA.Sprint5.Task5.V10.Test.csproj", "{6CCDED35-24DE-4AB6-AA1C-74DA66FE8F90}"
EndProject
Project("{2150E333-8FDC-42A3-9474-1A3956D46DE8}") = "Task6", "Task6", "{381B59CE-8941-4F85-961E-223865233EC9}"
EndProject
Project("{FAE04EC0-301F-11D3-BF4B-00C04F79EFBC}") = "Tyuiu.BaturinaSA.Sprint5.Task6.V22", "Tyuiu.BaturinaSA.Sprint5.Task6.V22\Tyuiu.BaturinaSA.Sprint5.Task6.V22.csproj", "{A09B2E3D-D1C4-413C-856F-E291C296A09B}"
EndProject
Project("{FAE04EC0-301F-11D3-BF4B-00C04F79EFBC}") = "Tyuiu.BaturinaSA.Sprint5.Task6.V22.Lib", "Tyuiu.BaturinaSA.Sprint5.Task6.V22.Lib\Tyuiu.BaturinaSA.Sprint5.Task6.V22.Lib.csproj", "{05035927-4500-4ED5-9A32-687384FCED17}"
EndProject
Project("{FAE04EC0-301F-11D3-BF4B-00C04F79EFBC}") = "Tyuiu.BaturinaSA.Sprint5.Task6.V22.Test", "Tyuiu.BaturinaSA.Sprint5.Task6.V22.Test\Tyuiu.BaturinaSA.Sprint5.Task6.V22.Test.csproj", "{70D72D3D-DE0A-47C5-A305-F9B274E69B54}"
EndProject
Project("{2150E333-8FDC-42A3-9474-1A3956D46DE8}") = "Task7", "Task7", "{9850CCB6-AC2D-46E6-8F41-7D3C8942DBC8}"
EndProject
Project("{FAE04EC0-301F-11D3-BF4B-00C04F79EFBC}") = "Tyuiu.BaturinaSA.Sprint5.Task7.V10", "Tyuiu.BaturinaSA.Sprint5.Task7.V10\Tyuiu.BaturinaSA.Sprint5.Task7.V10.csproj", "{618C72E2-C88F-4D97-995B-62C277CC307F}"
EndProject
Project("{FAE04EC0-301F-11D3-BF4B-00C04F79EFBC}") = "Tyuiu.BaturinaSA.Sprint5.Task7.V10.Lib", "Tyuiu.BaturinaSA.Sprint5.Task7.V10.Lib\Tyuiu.BaturinaSA.Sprint5.Task7.V10.Lib.csproj", "{1A3A3F72-1EBA-4DA6-B3F4-7966CC2C25AE}"
EndProject
Project("{FAE04EC0-301F-11D3-BF4B-00C04F79EFBC}") = "Tyuiu.BaturinaSA.Sprint5.Task7.V10.Test", "Tyuiu.BaturinaSA.Sprint5.Task7.V10.Test\Tyuiu.BaturinaSA.Sprint5.Task7.V10.Test.csproj", "{B01877A4-9D31-4DB1-B752-072B598DDD01}"
EndProject
Global
	GlobalSection(SolutionConfigurationPlatforms) = preSolution
		Debug|Any CPU = Debug|Any CPU
		Release|Any CPU = Release|Any CPU
	EndGlobalSection
	GlobalSection(ProjectConfigurationPlatforms) = postSolution
		{F0C2371B-D97F-42E6-BEA9-9A468D2E7718}.Debug|Any CPU.ActiveCfg = Debug|Any CPU
		{F0C2371B-D97F-42E6-BEA9-9A468D2E7718}.Debug|Any CPU.Build.0 = Debug|Any CPU
		{F0C2371B-D97F-42E6-BEA9-9A468D2E7718}.Release|Any CPU.ActiveCfg = Release|Any CPU
		{F0C2371B-D97F-42E6-BEA9-9A468D2E7718}.Release|Any CPU.Build.0 = Release|Any CPU
		{4471EFB8-B49A-429F-B128-A86E26F7B0C8}.Debug|Any CPU.ActiveCfg = Debug|Any CPU
		{4471EFB8-B49A-429F-B128-A86E26F7B0C8}.Debug|Any CPU.Build.0 = Debug|Any CPU
		{4471EFB8-B49A-429F-B128-A86E26F7B0C8}.Release|Any CPU.ActiveCfg = Release|Any CPU
		{4471EFB8-B49A-429F-B128-A86E26F7B0C8}.Release|Any CPU.Build.0 = Release|Any CPU
		{9247C761-B9FB-4A0F-89EF-149F9EE835B4}.Debug|Any CPU.ActiveCfg = Debug|Any CPU
		{9247C761-B9FB-4A0F-89EF-149F9EE835B4}.Debug|Any CPU.Build.0 = Debug|Any CPU
		{9247C761-B9FB-4A0F-89EF-149F9EE835B4}.Release|Any CPU.ActiveCfg = Release|Any CPU
		{9247C761-B9FB-4A0F-89EF-149F9EE835B4}.Release|Any CPU.Build.0 = Release|Any CPU
		{75CC775D-5944-4F75-A379-3FFF4E8D8FE5}.Debug|Any CPU.ActiveCfg = Debug|Any CPU
		{75CC775D-5944-4F75-A379-3FFF4E8D8FE5}.Debug|Any CPU.Build.0 = Debug|Any CPU
		{75CC775D-5944-4F75-A379-3FFF4E8D8FE5}.Release|Any CPU.ActiveCfg = Release|Any CPU
		{75CC775D-5944-4F75-A379-3FFF4E8D8FE5}.Release|Any CPU.Build.0 = Release|Any CPU
		{C63CAD36-6A1C-4227-A8B0-008E598DD79A}.Debug|Any CPU.ActiveCfg = Debug|Any CPU
		{C63CAD36-6A1C-4227-A8B0-008E598DD79A}.Debug|Any CPU.Build.0 = Debug|Any CPU
		{C63CAD36-6A1C-4227-A8B0-008E598DD79A}.Release|Any CPU.ActiveCfg = Release|Any CPU
		{C63CAD36-6A1C-4227-A8B0-008E598DD79A}.Release|Any CPU.Build.0 = Release|Any CPU
		{42B0BA4C-C539-4809-B619-3B825F626B9C}.Debug|Any CPU.ActiveCfg = Debug|Any CPU
		{42B0BA4C-C539-4809-B619-3B825F626B9C}.Debug|Any CPU.Build.0 = Debug|Any CPU
		{42B0BA4C-C539-4809-B619-3B825F626B9C}.Release|Any CPU.ActiveCfg = Release|Any CPU
		{42B0BA4C-C539-4809-B619-3B825F626B9C}.Release|Any CPU.Build.0 = Release|Any CPU
		{43210071-D012-48B5-8222-38429BF0875B}.Debug|Any CPU.ActiveCfg = Debug|Any CPU
		{43210071-D012-48B5-8222-38429BF0875B}.Debug|Any CPU.Build.0 = Debug|Any CPU
		{43210071-D012-48B5-8222-38429BF0875B}.Release|Any CPU.ActiveCfg = Release|Any CPU
		{43210071-D012-48B5-8222-38429BF0875B}.Release|Any CPU.Build.0 = Release|Any CPU
		{C2FC262F-8128-4900-974A-BE6A6D45F8BD}.Debug|Any CPU.ActiveCfg = Debug|Any CPU
		{C2FC262F-8128-4900-974A-BE6A6D45F8BD}.Debug|Any CPU.Build.0 = Debug|Any CPU
		{C2FC262F-8128-4900-974A-BE6A6D45F8BD}.Release|Any CPU.ActiveCfg = Release|Any CPU
		{C2FC262F-8128-4900-974A-BE6A6D45F8BD}.Release|Any CPU.Build.0 = Release|Any CPU
		{06FCB0BC-5D7C-4068-A580-65B3C15FF53B}.Debug|Any CPU.ActiveCfg = Debug|Any CPU
		{06FCB0BC-5D7C-4068-A580-65B3C15FF53B}.Debug|Any CPU.Build.0 = Debug|Any CPU
		{06FCB0BC-5D7C-4068-A580-65B3C15FF53B}.Release|Any CPU.ActiveCfg = Release|Any CPU
		{06FCB0BC-5D7C-4068-A580-65B3C15FF53B}.Release|Any CPU.Build.0 = Release|Any CPU
		{FF3FB129-1B62-412B-8187-B05D18698DC4}.Debug|Any CPU.ActiveCfg = Debug|Any CPU
		{FF3FB129-1B62-412B-8187-B05D18698DC4}.Debug|Any CPU.Build.0 = Debug|Any CPU
		{FF3FB129-1B62-412B-8187-B05D18698DC4}.Release|Any CPU.ActiveCfg = Release|Any CPU
		{FF3FB129-1B62-412B-8187-B05D18698DC4}.Release|Any CPU.Build.0 = Release|Any CPU
		{C45BD40D-6937-496B-B12E-3F7606C325ED}.Debug|Any CPU.ActiveCfg = Debug|Any CPU
		{C45BD40D-6937-496B-B12E-3F7606C325ED}.Debug|Any CPU.Build.0 = Debug|Any CPU
		{C45BD40D-6937-496B-B12E-3F7606C325ED}.Release|Any CPU.ActiveCfg = Release|Any CPU
		{C45BD40D-6937-496B-B12E-3F7606C325ED}.Release|Any CPU.Build.0 = Release|Any CPU
		{2BF78F8C-4217-4178-A934-C4979B87A22C}.Debug|Any CPU.ActiveCfg = Debug|Any CPU
		{2BF78F8C-4217-4178-A934-C4979B87A22C}.Debug|Any CPU.Build.0 = Debug|Any CPU
		{2BF78F8C-4217-4178-A934-C4979B87A22C}.Release|Any CPU.ActiveCfg = Release|Any CPU
		{2BF78F8C-4217-4178-A934-C4979B87A22C}.Release|Any CPU.Build.0 = Release|Any CPU
		{7F053492-FC8A-4987-9805-EF84ABA37156}.Debug|Any CPU.ActiveCfg = Debug|Any CPU
		{7F053492-FC8A-4987-9805-EF84ABA37156}.Debug|Any CPU.Build.0 = Debug|Any CPU
		{7F053492-FC8A-4987-9805-EF84ABA37156}.Release|Any CPU.ActiveCfg = Release|Any CPU
		{7F053492-FC8A-4987-9805-EF84ABA37156}.Release|Any CPU.Build.0 = Release|Any CPU
		{623B6775-FEC6-47B8-9B4A-19838A000C59}.Debug|Any CPU.ActiveCfg = Debug|Any CPU
		{623B6775-FEC6-47B8-9B4A-19838A000C59}.Debug|Any CPU.Build.0 = Debug|Any CPU
		{623B6775-FEC6-47B8-9B4A-19838A000C59}.Release|Any CPU.ActiveCfg = Release|Any CPU
		{623B6775-FEC6-47B8-9B4A-19838A000C59}.Release|Any CPU.Build.0 = Release|Any CPU
		{A5615777-7EFF-4D7A-A61C-8DCF8AFA8D74}.Debug|Any CPU.ActiveCfg = Debug|Any CPU
		{A5615777-7EFF-4D7A-A61C-8DCF8AFA8D74}.Debug|Any CPU.Build.0 = Debug|Any CPU
		{A5615777-7EFF-4D7A-A61C-8DCF8AFA8D74}.Release|Any CPU.ActiveCfg = Release|Any CPU
		{A5615777-7EFF-4D7A-A61C-8DCF8AFA8D74}.Release|Any CPU.Build.0 = Release|Any CPU
		{489EB9BB-65D5-4E4D-A177-084E0DB7BA4C}.Debug|Any CPU.ActiveCfg = Debug|Any CPU
		{489EB9BB-65D5-4E4D-A177-084E0DB7BA4C}.Debug|Any CPU.Build.0 = Debug|Any CPU
		{489EB9BB-65D5-4E4D-A177-084E0DB7BA4C}.Release|Any CPU.ActiveCfg = Release|Any CPU
		{489EB9BB-65D5-4E4D-A177-084E0DB7BA4C}.Release|Any CPU.Build.0 = Release|Any CPU
		{BFDE7C7E-7BA0-4376-A0FF-3E3210AF0E71}.Debug|Any CPU.ActiveCfg = Debug|Any CPU
		{BFDE7C7E-7BA0-4376-A0FF-3E3210AF0E71}.Debug|Any CPU.Build.0 = Debug|Any CPU
		{BFDE7C7E-7BA0-4376-A0FF-3E3210AF0E71}.Release|Any CPU.ActiveCfg = Release|Any CPU
		{BFDE7C7E-7BA0-4376-A0FF-3E3210AF0E71}.Release|Any CPU.Build.0 = Release|Any CPU
		{6CCDED35-24DE-4AB6-AA1C-74DA66FE8F90}.Debug|Any CPU.ActiveCfg = Debug|Any CPU
		{6CCDED35-24DE-4AB6-AA1C-74DA66FE8F90}.Debug|Any CPU.Build.0 = Debug|Any CPU
		{6CCDED35-24DE-4AB6-AA1C-74DA66FE8F90}.Release|Any CPU.ActiveCfg = Release|Any CPU
		{6CCDED35-24DE-4AB6-AA1C-74DA66FE8F90}.Release|Any CPU.Build.0 = Release|Any CPU
		{A09B2E3D-D1C4-413C-856F-E291C296A09B}.Debug|Any CPU.ActiveCfg = Debug|Any CPU
		{A09B2E3D-D1C4-413C-856F-E291C296A09B}.Debug|Any CPU.Build.0 = Debug|Any CPU
		{A09B2E3D-D1C4-413C-856F-E291C296A09B}.Release|Any CPU.ActiveCfg = Release|Any CPU
		{A09B2E3D-D1C4-413C-856F-E291C296A09B}.Release|Any CPU.Build.0 = Release|Any CPU
		{05035927-4500-4ED5-9A32-687384FCED17}.Debug|Any CPU.ActiveCfg = Debug|Any CPU
		{05035927-4500-4ED5-9A32-687384FCED17}.Debug|Any CPU.Build.0 = Debug|Any CPU
		{05035927-4500-4ED5-9A32-687384FCED17}.Release|Any CPU.ActiveCfg = Release|Any CPU
		{05035927-4500-4ED5-9A32-687384FCED17}.Release|Any CPU.Build.0 = Release|Any CPU
		{70D72D3D-DE0A-47C5-A305-F9B274E69B54}.Debug|Any CPU.ActiveCfg = Debug|Any CPU
		{70D72D3D-DE0A-47C5-A305-F9B274E69B54}.Debug|Any CPU.Build.0 = Debug|Any CPU
		{70D72D3D-DE0A-47C5-A305-F9B274E69B54}.Release|Any CPU.ActiveCfg = Release|Any CPU
		{70D72D3D-DE0A-47C5-A305-F9B274E69B54}.Release|Any CPU.Build.0 = Release|Any CPU
		{618C72E2-C88F-4D97-995B-62C277CC307F}.Debug|Any CPU.ActiveCfg = Debug|Any CPU
		{618C72E2-C88F-4D97-995B-62C277CC307F}.Debug|Any CPU.Build.0 = Debug|Any CPU
		{618C72E2-C88F-4D97-995B-62C277CC307F}.Release|Any CPU.ActiveCfg = Release|Any CPU
		{618C72E2-C88F-4D97-995B-62C277CC307F}.Release|Any CPU.Build.0 = Release|Any CPU
		{1A3A3F72-1EBA-4DA6-B3F4-7966CC2C25AE}.Debug|Any CPU.ActiveCfg = Debug|Any CPU
		{1A3A3F72-1EBA-4DA6-B3F4-7966CC2C25AE}.Debug|Any CPU.Build.0 = Debug|Any CPU
		{1A3A3F72-1EBA-4DA6-B3F4-7966CC2C25AE}.Release|Any CPU.ActiveCfg = Release|Any CPU
		{1A3A3F72-1EBA-4DA6-B3F4-7966CC2C25AE}.Release|Any CPU.Build.0 = Release|Any CPU
		{B01877A4-9D31-4DB1-B752-072B598DDD01}.Debug|Any CPU.ActiveCfg = Debug|Any CPU
		{B01877A4-9D31-4DB1-B752-072B598DDD01}.Debug|Any CPU.Build.0 = Debug|Any CPU
		{B01877A4-9D31-4DB1-B752-072B598DDD01}.Release|Any CPU.ActiveCfg = Release|Any CPU
		{B01877A4-9D31-4DB1-B752-072B598DDD01}.Release|Any CPU.Build.0 = Release|Any CPU
	EndGlobalSection
	GlobalSection(SolutionProperties) = preSolution
		HideSolutionNode = FALSE
	EndGlobalSection
	GlobalSection(NestedProjects) = preSolution
		{F0C2371B-D97F-42E6-BEA9-9A468D2E7718} = {02EA681E-C7D8-13C7-8484-4AC65E1B71E8}
		{4471EFB8-B49A-429F-B128-A86E26F7B0C8} = {02EA681E-C7D8-13C7-8484-4AC65E1B71E8}
		{9247C761-B9FB-4A0F-89EF-149F9EE835B4} = {02EA681E-C7D8-13C7-8484-4AC65E1B71E8}
		{75CC775D-5944-4F75-A379-3FFF4E8D8FE5} = {73723100-BFBA-4F41-878C-C2B14FD6FAF0}
		{C63CAD36-6A1C-4227-A8B0-008E598DD79A} = {73723100-BFBA-4F41-878C-C2B14FD6FAF0}
		{42B0BA4C-C539-4809-B619-3B825F626B9C} = {73723100-BFBA-4F41-878C-C2B14FD6FAF0}
		{43210071-D012-48B5-8222-38429BF0875B} = {2641EFA3-53C8-425F-A823-A0653D82FC85}
		{C2FC262F-8128-4900-974A-BE6A6D45F8BD} = {2641EFA3-53C8-425F-A823-A0653D82FC85}
		{06FCB0BC-5D7C-4068-A580-65B3C15FF53B} = {2641EFA3-53C8-425F-A823-A0653D82FC85}
		{FF3FB129-1B62-412B-8187-B05D18698DC4} = {23F14B90-1943-4091-8B8E-5FA5D63F1C64}
		{C45BD40D-6937-496B-B12E-3F7606C325ED} = {23F14B90-1943-4091-8B8E-5FA5D63F1C64}
		{2BF78F8C-4217-4178-A934-C4979B87A22C} = {23F14B90-1943-4091-8B8E-5FA5D63F1C64}
		{7F053492-FC8A-4987-9805-EF84ABA37156} = {B2179533-FE96-41A4-8607-89AB081EE25B}
		{623B6775-FEC6-47B8-9B4A-19838A000C59} = {B2179533-FE96-41A4-8607-89AB081EE25B}
		{A5615777-7EFF-4D7A-A61C-8DCF8AFA8D74} = {B2179533-FE96-41A4-8607-89AB081EE25B}
		{489EB9BB-65D5-4E4D-A177-084E0DB7BA4C} = {FEA46390-89E1-4AD8-A43C-E261C8678E16}
		{BFDE7C7E-7BA0-4376-A0FF-3E3210AF0E71} = {FEA46390-89E1-4AD8-A43C-E261C8678E16}
		{6CCDED35-24DE-4AB6-AA1C-74DA66FE8F90} = {FEA46390-89E1-4AD8-A43C-E261C8678E16}
		{A09B2E3D-D1C4-413C-856F-E291C296A09B} = {381B59CE-8941-4F85-961E-223865233EC9}
		{05035927-4500-4ED5-9A32-687384FCED17} = {381B59CE-8941-4F85-961E-223865233EC9}
		{70D72D3D-DE0A-47C5-A305-F9B274E69B54} = {381B59CE-8941-4F85-961E-223865233EC9}
		{618C72E2-C88F-4D97-995B-62C277CC307F} = {9850CCB6-AC2D-46E6-8F41-7D3C8942DBC8}
		{1A3A3F72-1EBA-4DA6-B3F4-7966CC2C25AE} = {9850CCB6-AC2D-46E6-8F41-7D3C8942DBC8}
		{B01877A4-9D31-4DB1-B752-072B598DDD01} = {9850CCB6-AC2D-46E6-8F41-7D3C8942DBC8}
	EndGlobalSection
	GlobalSection(ExtensibilityGlobals) = postSolution
		SolutionGuid = {5C594482-EBCB-4DFD-A2C0-4C0A8781D81F}
	EndGlobalSection
EndGlobal
